
Microsoft Visual Studio Solution File, Format Version 12.00
# Visual Studio 15
VisualStudioVersion = 15.0.26403.7
MinimumVisualStudioVersion = 10.0.40219.1
Project("{FAE04EC0-301F-11D3-BF4B-00C04F79EFBC}") = "BackEndBeezies.Web", "BackEndBeezies\BackEndBeezies.Web.csproj", "{4205B685-B3C5-4299-916B-2756CF7582EA}"
EndProject
Project("{FAE04EC0-301F-11D3-BF4B-00C04F79EFBC}") = "BackEndBeezies.Data", "BackEndBeezies.Data\BackEndBeezies.Data.csproj", "{917BFDF3-5E90-483E-8237-4F1061E005C3}"
EndProject
Project("{FAE04EC0-301F-11D3-BF4B-00C04F79EFBC}") = "BackEndBeezies.Web.Core", "BackEndBeezies.Web.Core\BackEndBeezies.Web.Core.csproj", "{2EF16B50-885F-4064-A340-337F677E073F}"
EndProject
Project("{FAE04EC0-301F-11D3-BF4B-00C04F79EFBC}") = "BackEndBeezies.Bot", "BackEndBeezies.Bot\BackEndBeezies.Bot.csproj", "{C2BD4329-47CF-4F7F-BA00-B516B6452DFF}"
EndProject
Global
	GlobalSection(SolutionConfigurationPlatforms) = preSolution
		Debug|Any CPU = Debug|Any CPU
		Release|Any CPU = Release|Any CPU
	EndGlobalSection
	GlobalSection(ProjectConfigurationPlatforms) = postSolution
		{4205B685-B3C5-4299-916B-2756CF7582EA}.Debug|Any CPU.ActiveCfg = Debug|Any CPU
		{4205B685-B3C5-4299-916B-2756CF7582EA}.Debug|Any CPU.Build.0 = Debug|Any CPU
		{4205B685-B3C5-4299-916B-2756CF7582EA}.Release|Any CPU.ActiveCfg = Release|Any CPU
		{4205B685-B3C5-4299-916B-2756CF7582EA}.Release|Any CPU.Build.0 = Release|Any CPU
		{917BFDF3-5E90-483E-8237-4F1061E005C3}.Debug|Any CPU.ActiveCfg = Debug|Any CPU
		{917BFDF3-5E90-483E-8237-4F1061E005C3}.Debug|Any CPU.Build.0 = Debug|Any CPU
		{917BFDF3-5E90-483E-8237-4F1061E005C3}.Release|Any CPU.ActiveCfg = Release|Any CPU
		{917BFDF3-5E90-483E-8237-4F1061E005C3}.Release|Any CPU.Build.0 = Release|Any CPU
		{2EF16B50-885F-4064-A340-337F677E073F}.Debug|Any CPU.ActiveCfg = Debug|Any CPU
		{2EF16B50-885F-4064-A340-337F677E073F}.Debug|Any CPU.Build.0 = Debug|Any CPU
		{2EF16B50-885F-4064-A340-337F677E073F}.Release|Any CPU.ActiveCfg = Release|Any CPU
		{2EF16B50-885F-4064-A340-337F677E073F}.Release|Any CPU.Build.0 = Release|Any CPU
		{C2BD4329-47CF-4F7F-BA00-B516B6452DFF}.Debug|Any CPU.ActiveCfg = Debug|Any CPU
		{C2BD4329-47CF-4F7F-BA00-B516B6452DFF}.Debug|Any CPU.Build.0 = Debug|Any CPU
		{C2BD4329-47CF-4F7F-BA00-B516B6452DFF}.Release|Any CPU.ActiveCfg = Release|Any CPU
		{C2BD4329-47CF-4F7F-BA00-B516B6452DFF}.Release|Any CPU.Build.0 = Release|Any CPU
	EndGlobalSection
	GlobalSection(SolutionProperties) = preSolution
		HideSolutionNode = FALSE
	EndGlobalSection
EndGlobal
